
Microsoft Visual Studio Solution File, Format Version 12.00
# Visual Studio Version 16
VisualStudioVersion = 16.0.31911.196
MinimumVisualStudioVersion = 10.0.40219.1
Project("{FAE04EC0-301F-11D3-BF4B-00C04F79EFBC}") = "Architecture.MVC", "Architecture.MVC\Architecture.MVC.csproj", "{D73C7B6E-1ADB-4A84-AD66-8AA4A9F5D6D5}"
EndProject
Global
	GlobalSection(SolutionConfigurationPlatforms) = preSolution
		Debug|Any CPU = Debug|Any CPU
		Release|Any CPU = Release|Any CPU
	EndGlobalSection
	GlobalSection(ProjectConfigurationPlatforms) = postSolution
		{D73C7B6E-1ADB-4A84-AD66-8AA4A9F5D6D5}.Debug|Any CPU.ActiveCfg = Debug|Any CPU
		{D73C7B6E-1ADB-4A84-AD66-8AA4A9F5D6D5}.Debug|Any CPU.Build.0 = Debug|Any CPU
		{D73C7B6E-1ADB-4A84-AD66-8AA4A9F5D6D5}.Release|Any CPU.ActiveCfg = Release|Any CPU
		{D73C7B6E-1ADB-4A84-AD66-8AA4A9F5D6D5}.Release|Any CPU.Build.0 = Release|Any CPU
	EndGlobalSection
	GlobalSection(SolutionProperties) = preSolution
		HideSolutionNode = FALSE
	EndGlobalSection
	GlobalSection(ExtensibilityGlobals) = postSolution
		SolutionGuid = {4E6A7B0B-7415-4599-8A29-CA194D34087A}
	EndGlobalSection
EndGlobal
